
Microsoft Visual Studio Solution File, Format Version 12.00
# Visual Studio Version 17
VisualStudioVersion = 17.7.34009.444
MinimumVisualStudioVersion = 10.0.40219.1
Project("{FAE04EC0-301F-11D3-BF4B-00C04F79EFBC}") = "Laboratorio_10_SMN_10_ACT_1-5", "Laboratorio_10_SMN_10_ACT_1-5\Laboratorio_10_SMN_10_ACT_1-5.csproj", "{711EF98A-A66C-46A8-8632-E6EFFA3F945E}"
EndProject
Global
	GlobalSection(SolutionConfigurationPlatforms) = preSolution
		Debug|Any CPU = Debug|Any CPU
		Release|Any CPU = Release|Any CPU
	EndGlobalSection
	GlobalSection(ProjectConfigurationPlatforms) = postSolution
		{711EF98A-A66C-46A8-8632-E6EFFA3F945E}.Debug|Any CPU.ActiveCfg = Debug|Any CPU
		{711EF98A-A66C-46A8-8632-E6EFFA3F945E}.Debug|Any CPU.Build.0 = Debug|Any CPU
		{711EF98A-A66C-46A8-8632-E6EFFA3F945E}.Release|Any CPU.ActiveCfg = Release|Any CPU
		{711EF98A-A66C-46A8-8632-E6EFFA3F945E}.Release|Any CPU.Build.0 = Release|Any CPU
	EndGlobalSection
	GlobalSection(SolutionProperties) = preSolution
		HideSolutionNode = FALSE
	EndGlobalSection
	GlobalSection(ExtensibilityGlobals) = postSolution
		SolutionGuid = {9AA727F4-AC29-437E-B48F-9839338D77FE}
	EndGlobalSection
EndGlobal
